// !$*UTF8*$!
{
	archiveVersion = 1;
	classes = {
	};
	objectVersion = 46;
	objects = {

/* Begin PBXBuildFile section */
		E11CB87B1D54A71100A51281 /* Reflections.swift in Sources */ = {isa = PBXBuildFile; fileRef = E11CB87A1D54A71100A51281 /* Reflections.swift */; };
		E11CB87D1D54A73100A51281 /* TechDemoProtocol.swift in Sources */ = {isa = PBXBuildFile; fileRef = E11CB87C1D54A73100A51281 /* TechDemoProtocol.swift */; };
		E11CB87F1D54AD0B00A51281 /* OGL4Cube.swift in Sources */ = {isa = PBXBuildFile; fileRef = E11CB87E1D54AD0B00A51281 /* OGL4Cube.swift */; };
		E11CB8811D54DB4600A51281 /* OGL4Cube.vs in Resources */ = {isa = PBXBuildFile; fileRef = E11CB8801D54DB4600A51281 /* OGL4Cube.vs */; };
		E11CB8831D54DB5200A51281 /* OGL4Cube.fs in Resources */ = {isa = PBXBuildFile; fileRef = E11CB8821D54DB5200A51281 /* OGL4Cube.fs */; };
		E16670D01D54A05B00B74484 /* AppDelegate.swift in Sources */ = {isa = PBXBuildFile; fileRef = E16670CF1D54A05B00B74484 /* AppDelegate.swift */; };
		E16670D21D54A05B00B74484 /* ViewController.swift in Sources */ = {isa = PBXBuildFile; fileRef = E16670D11D54A05B00B74484 /* ViewController.swift */; };
		E16670D41D54A05B00B74484 /* Assets.xcassets in Resources */ = {isa = PBXBuildFile; fileRef = E16670D31D54A05B00B74484 /* Assets.xcassets */; };
		E16670D71D54A05B00B74484 /* Main.storyboard in Resources */ = {isa = PBXBuildFile; fileRef = E16670D51D54A05B00B74484 /* Main.storyboard */; };
		E16670DF1D54A0A300B74484 /* OpenGLUtilities.swift in Sources */ = {isa = PBXBuildFile; fileRef = E16670DE1D54A0A300B74484 /* OpenGLUtilities.swift */; };
		E16670E11D54A0D100B74484 /* TechDemoView.swift in Sources */ = {isa = PBXBuildFile; fileRef = E16670E01D54A0D100B74484 /* TechDemoView.swift */; };
/* End PBXBuildFile section */

/* Begin PBXFileReference section */
		E11CB87A1D54A71100A51281 /* Reflections.swift */ = {isa = PBXFileReference; fileEncoding = 4; lastKnownFileType = sourcecode.swift; path = Reflections.swift; sourceTree = "<group>"; };
		E11CB87C1D54A73100A51281 /* TechDemoProtocol.swift */ = {isa = PBXFileReference; fileEncoding = 4; lastKnownFileType = sourcecode.swift; path = TechDemoProtocol.swift; sourceTree = "<group>"; };
		E11CB87E1D54AD0B00A51281 /* OGL4Cube.swift */ = {isa = PBXFileReference; fileEncoding = 4; lastKnownFileType = sourcecode.swift; path = OGL4Cube.swift; sourceTree = "<group>"; };
		E11CB8801D54DB4600A51281 /* OGL4Cube.vs */ = {isa = PBXFileReference; fileEncoding = 4; lastKnownFileType = sourcecode.glsl; path = OGL4Cube.vs; sourceTree = "<group>"; };
		E11CB8821D54DB5200A51281 /* OGL4Cube.fs */ = {isa = PBXFileReference; fileEncoding = 4; lastKnownFileType = sourcecode.glsl; path = OGL4Cube.fs; sourceTree = "<group>"; };
		E16670CC1D54A05B00B74484 /* OpenGLTechDemoCollection.app */ = {isa = PBXFileReference; explicitFileType = wrapper.application; includeInIndex = 0; path = OpenGLTechDemoCollection.app; sourceTree = BUILT_PRODUCTS_DIR; };
		E16670CF1D54A05B00B74484 /* AppDelegate.swift */ = {isa = PBXFileReference; lastKnownFileType = sourcecode.swift; path = AppDelegate.swift; sourceTree = "<group>"; };
		E16670D11D54A05B00B74484 /* ViewController.swift */ = {isa = PBXFileReference; lastKnownFileType = sourcecode.swift; path = ViewController.swift; sourceTree = "<group>"; };
		E16670D31D54A05B00B74484 /* Assets.xcassets */ = {isa = PBXFileReference; lastKnownFileType = folder.assetcatalog; path = Assets.xcassets; sourceTree = "<group>"; };
		E16670D61D54A05B00B74484 /* Base */ = {isa = PBXFileReference; lastKnownFileType = file.storyboard; name = Base; path = Base.lproj/Main.storyboard; sourceTree = "<group>"; };
		E16670D81D54A05B00B74484 /* Info.plist */ = {isa = PBXFileReference; lastKnownFileType = text.plist.xml; path = Info.plist; sourceTree = "<group>"; };
		E16670DE1D54A0A300B74484 /* OpenGLUtilities.swift */ = {isa = PBXFileReference; fileEncoding = 4; lastKnownFileType = sourcecode.swift; path = OpenGLUtilities.swift; sourceTree = "<group>"; };
		E16670E01D54A0D100B74484 /* TechDemoView.swift */ = {isa = PBXFileReference; fileEncoding = 4; lastKnownFileType = sourcecode.swift; path = TechDemoView.swift; sourceTree = "<group>"; };
/* End PBXFileReference section */

/* Begin PBXFrameworksBuildPhase section */
		E16670C91D54A05B00B74484 /* Frameworks */ = {
			isa = PBXFrameworksBuildPhase;
			buildActionMask = 2147483647;
			files = (
			);
			runOnlyForDeploymentPostprocessing = 0;
		};
/* End PBXFrameworksBuildPhase section */

/* Begin PBXGroup section */
		E16670C31D54A05B00B74484 = {
			isa = PBXGroup;
			children = (
				E16670CE1D54A05B00B74484 /* OpenGLTechDemoCollection */,
				E16670CD1D54A05B00B74484 /* Products */,
			);
			sourceTree = "<group>";
		};
		E16670CD1D54A05B00B74484 /* Products */ = {
			isa = PBXGroup;
			children = (
				E16670CC1D54A05B00B74484 /* OpenGLTechDemoCollection.app */,
			);
			name = Products;
			sourceTree = "<group>";
		};
		E16670CE1D54A05B00B74484 /* OpenGLTechDemoCollection */ = {
			isa = PBXGroup;
			children = (
				E16670CF1D54A05B00B74484 /* AppDelegate.swift */,
				E16670D11D54A05B00B74484 /* ViewController.swift */,
				E16670D31D54A05B00B74484 /* Assets.xcassets */,
				E16670D51D54A05B00B74484 /* Main.storyboard */,
				E16670D81D54A05B00B74484 /* Info.plist */,
				E16670DE1D54A0A300B74484 /* OpenGLUtilities.swift */,
				E16670E01D54A0D100B74484 /* TechDemoView.swift */,
				E11CB87C1D54A73100A51281 /* TechDemoProtocol.swift */,
				E11CB87A1D54A71100A51281 /* Reflections.swift */,
				E11CB87E1D54AD0B00A51281 /* OGL4Cube.swift */,
				E11CB8801D54DB4600A51281 /* OGL4Cube.vs */,
				E11CB8821D54DB5200A51281 /* OGL4Cube.fs */,
			);
			path = OpenGLTechDemoCollection;
			sourceTree = "<group>";
		};
/* End PBXGroup section */

/* Begin PBXNativeTarget section */
		E16670CB1D54A05B00B74484 /* OpenGLTechDemoCollection */ = {
			isa = PBXNativeTarget;
			buildConfigurationList = E16670DB1D54A05B00B74484 /* Build configuration list for PBXNativeTarget "OpenGLTechDemoCollection" */;
			buildPhases = (
				E16670C81D54A05B00B74484 /* Sources */,
				E16670C91D54A05B00B74484 /* Frameworks */,
				E16670CA1D54A05B00B74484 /* Resources */,
			);
			buildRules = (
			);
			dependencies = (
			);
			name = OpenGLTechDemoCollection;
			productName = OpenGLTechDemoCollection;
			productReference = E16670CC1D54A05B00B74484 /* OpenGLTechDemoCollection.app */;
			productType = "com.apple.product-type.application";
		};
/* End PBXNativeTarget section */

/* Begin PBXProject section */
		E16670C41D54A05B00B74484 /* Project object */ = {
			isa = PBXProject;
			attributes = {
				LastSwiftUpdateCheck = 0730;
				LastUpgradeCheck = 0730;
				ORGANIZATIONNAME = "Andreas Umbach";
				TargetAttributes = {
					E16670CB1D54A05B00B74484 = {
						CreatedOnToolsVersion = 7.3.1;
					};
				};
			};
			buildConfigurationList = E16670C71D54A05B00B74484 /* Build configuration list for PBXProject "OpenGLTechDemoCollection" */;
			compatibilityVersion = "Xcode 3.2";
			developmentRegion = English;
			hasScannedForEncodings = 0;
			knownRegions = (
				en,
				Base,
			);
			mainGroup = E16670C31D54A05B00B74484;
			productRefGroup = E16670CD1D54A05B00B74484 /* Products */;
			projectDirPath = "";
			projectRoot = "";
			targets = (
				E16670CB1D54A05B00B74484 /* OpenGLTechDemoCollection */,
			);
		};
/* End PBXProject section */

/* Begin PBXResourcesBuildPhase section */
		E16670CA1D54A05B00B74484 /* Resources */ = {
			isa = PBXResourcesBuildPhase;
			buildActionMask = 2147483647;
			files = (
				E16670D41D54A05B00B74484 /* Assets.xcassets in Resources */,
				E16670D71D54A05B00B74484 /* Main.storyboard in Resources */,
				E11CB8831D54DB5200A51281 /* OGL4Cube.fs in Resources */,
				E11CB8811D54DB4600A51281 /* OGL4Cube.vs in Resources */,
			);
			runOnlyForDeploymentPostprocessing = 0;
		};
/* End PBXResourcesBuildPhase section */

/* Begin PBXSourcesBuildPhase section */
		E16670C81D54A05B00B74484 /* Sources */ = {
			isa = PBXSourcesBuildPhase;
			buildActionMask = 2147483647;
			files = (
				E16670D21D54A05B00B74484 /* ViewController.swift in Sources */,
				E11CB87F1D54AD0B00A51281 /* OGL4Cube.swift in Sources */,
				E16670E11D54A0D100B74484 /* TechDemoView.swift in Sources */,
				E11CB87D1D54A73100A51281 /* TechDemoProtocol.swift in Sources */,
				E11CB87B1D54A71100A51281 /* Reflections.swift in Sources */,
				E16670DF1D54A0A300B74484 /* OpenGLUtilities.swift in Sources */,
				E16670D01D54A05B00B74484 /* AppDelegate.swift in Sources */,
			);
			runOnlyForDeploymentPostprocessing = 0;
		};
/* End PBXSourcesBuildPhase section */

/* Begin PBXVariantGroup section */
		E16670D51D54A05B00B74484 /* Main.storyboard */ = {
			isa = PBXVariantGroup;
			children = (
				E16670D61D54A05B00B74484 /* Base */,
			);
			name = Main.storyboard;
			sourceTree = "<group>";
		};
/* End PBXVariantGroup section */

/* Begin XCBuildConfiguration section */
		E16670D91D54A05B00B74484 /* Debug */ = {
			isa = XCBuildConfiguration;
			buildSettings = {
				ALWAYS_SEARCH_USER_PATHS = NO;
				CLANG_ANALYZER_NONNULL = YES;
				CLANG_CXX_LANGUAGE_STANDARD = "gnu++0x";
				CLANG_CXX_LIBRARY = "libc++";
				CLANG_ENABLE_MODULES = YES;
				CLANG_ENABLE_OBJC_ARC = YES;
				CLANG_WARN_BOOL_CONVERSION = YES;
				CLANG_WARN_CONSTANT_CONVERSION = YES;
				CLANG_WARN_DIRECT_OBJC_ISA_USAGE = YES_ERROR;
				CLANG_WARN_EMPTY_BODY = YES;
				CLANG_WARN_ENUM_CONVERSION = YES;
				CLANG_WARN_INT_CONVERSION = YES;
				CLANG_WARN_OBJC_ROOT_CLASS = YES_ERROR;
				CLANG_WARN_UNREACHABLE_CODE = YES;
				CLANG_WARN__DUPLICATE_METHOD_MATCH = YES;
				CODE_SIGN_IDENTITY = "-";
				COPY_PHASE_STRIP = NO;
				DEBUG_INFORMATION_FORMAT = dwarf;
				ENABLE_STRICT_OBJC_MSGSEND = YES;
				ENABLE_TESTABILITY = YES;
				GCC_C_LANGUAGE_STANDARD = gnu99;
				GCC_DYNAMIC_NO_PIC = NO;
				GCC_NO_COMMON_BLOCKS = YES;
				GCC_OPTIMIZATION_LEVEL = 0;
				GCC_PREPROCESSOR_DEFINITIONS = (
					"DEBUG=1",
					"$(inherited)",
				);
				GCC_WARN_64_TO_32_BIT_CONVERSION = YES;
				GCC_WARN_ABOUT_RETURN_TYPE = YES_ERROR;
				GCC_WARN_UNDECLARED_SELECTOR = YES;
				GCC_WARN_UNINITIALIZED_AUTOS = YES_AGGRESSIVE;
				GCC_WARN_UNUSED_FUNCTION = YES;
				GCC_WARN_UNUSED_VARIABLE = YES;
				MACOSX_DEPLOYMENT_TARGET = 10.11;
				MTL_ENABLE_DEBUG_INFO = YES;
				ONLY_ACTIVE_ARCH = YES;
				SDKROOT = macosx;
				SWIFT_OPTIMIZATION_LEVEL = "-Onone";
			};
			name = Debug;
		};
		E16670DA1D54A05B00B74484 /* Release */ = {
			isa = XCBuildConfiguration;
			buildSettings = {
				ALWAYS_SEARCH_USER_PATHS = NO;
				CLANG_ANALYZER_NONNULL = YES;
				CLANG_CXX_LANGUAGE_STANDARD = "gnu++0x";
				CLANG_CXX_LIBRARY = "libc++";
				CLANG_ENABLE_MODULES = YES;
				CLANG_ENABLE_OBJC_ARC = YES;
				CLANG_WARN_BOOL_CONVERSION = YES;
				CLANG_WARN_CONSTANT_CONVERSION = YES;
				CLANG_WARN_DIRECT_OBJC_ISA_USAGE = YES_ERROR;
				CLANG_WARN_EMPTY_BODY = YES;
				CLANG_WARN_ENUM_CONVERSION = YES;
				CLANG_WARN_INT_CONVERSION = YES;
				CLANG_WARN_OBJC_ROOT_CLASS = YES_ERROR;
				CLANG_WARN_UNREACHABLE_CODE = YES;
				CLANG_WARN__DUPLICATE_METHOD_MATCH = YES;
				CODE_SIGN_IDENTITY = "-";
				COPY_PHASE_STRIP = NO;
				DEBUG_INFORMATION_FORMAT = "dwarf-with-dsym";
				ENABLE_NS_ASSERTIONS = NO;
				ENABLE_STRICT_OBJC_MSGSEND = YES;
				GCC_C_LANGUAGE_STANDARD = gnu99;
				GCC_NO_COMMON_BLOCKS = YES;
				GCC_WARN_64_TO_32_BIT_CONVERSION = YES;
				GCC_WARN_ABOUT_RETURN_TYPE = YES_ERROR;
				GCC_WARN_UNDECLARED_SELECTOR = YES;
				GCC_WARN_UNINITIALIZED_AUTOS = YES_AGGRESSIVE;
				GCC_WARN_UNUSED_FUNCTION = YES;
				GCC_WARN_UNUSED_VARIABLE = YES;
				MACOSX_DEPLOYMENT_TARGET = 10.11;
				MTL_ENABLE_DEBUG_INFO = NO;
				SDKROOT = macosx;
			};
			name = Release;
		};
		E16670DC1D54A05B00B74484 /* Debug */ = {
			isa = XCBuildConfiguration;
			buildSettings = {
				ASSETCATALOG_COMPILER_APPICON_NAME = AppIcon;
				COMBINE_HIDPI_IMAGES = YES;
				INFOPLIST_FILE = OpenGLTechDemoCollection/Info.plist;
				LD_RUNPATH_SEARCH_PATHS = "$(inherited) @executable_path/../Frameworks";
				PRODUCT_BUNDLE_IDENTIFIER = umbach.ch.OpenGLTechDemoCollection;
				PRODUCT_NAME = "$(TARGET_NAME)";
			};
			name = Debug;
		};
		E16670DD1D54A05B00B74484 /* Release */ = {
			isa = XCBuildConfiguration;
			buildSettings = {
				ASSETCATALOG_COMPILER_APPICON_NAME = AppIcon;
				COMBINE_HIDPI_IMAGES = YES;
				INFOPLIST_FILE = OpenGLTechDemoCollection/Info.plist;
				LD_RUNPATH_SEARCH_PATHS = "$(inherited) @executable_path/../Frameworks";
				PRODUCT_BUNDLE_IDENTIFIER = umbach.ch.OpenGLTechDemoCollection;
				PRODUCT_NAME = "$(TARGET_NAME)";
			};
			name = Release;
		};
/* End XCBuildConfiguration section */

/* Begin XCConfigurationList section */
		E16670C71D54A05B00B74484 /* Build configuration list for PBXProject "OpenGLTechDemoCollection" */ = {
			isa = XCConfigurationList;
			buildConfigurations = (
				E16670D91D54A05B00B74484 /* Debug */,
				E16670DA1D54A05B00B74484 /* Release */,
			);
			defaultConfigurationIsVisible = 0;
			defaultConfigurationName = Release;
		};
		E16670DB1D54A05B00B74484 /* Build configuration list for PBXNativeTarget "OpenGLTechDemoCollection" */ = {
			isa = XCConfigurationList;
			buildConfigurations = (
				E16670DC1D54A05B00B74484 /* Debug */,
				E16670DD1D54A05B00B74484 /* Release */,
			);
			defaultConfigurationIsVisible = 0;
			defaultConfigurationName = Release;
		};
/* End XCConfigurationList section */
	};
	rootObject = E16670C41D54A05B00B74484 /* Project object */;
}
